{
  "object": {
    "pins": [
      {
        "package": "MaskOCR",
        "repositoryURL": "git@github.com:daisukenagata/MaskOCR.git",
        "state": {
          "branch": null,
          "revision": "b148b1c2369877f6759c1dbb68d8345f078b6f51",
          "version": "1.10.0"
        }
      }
    ]
  },
  "version": 1
}
