{
  "object": {
    "pins": [
      {
        "package": "MaskOCR",
        "repositoryURL": "git@github.com:daisukenagata/MaskOCR.git",
        "state": {
          "branch": null,
          "revision": "43110de9fea100b9007ed1da5883cd578e4e0187",
          "version": "1.12.8"
        }
      }
    ]
  },
  "version": 1
}
