{
  "object": {
    "pins": [
      {
        "package": "MaskOCR",
        "repositoryURL": "git@github.com:daisukenagata/MaskOCR.git",
        "state": {
          "branch": null,
          "revision": "4cef491053ed19b988f94fbc09d69597b110d1c8",
          "version": "1.12.0"
        }
      }
    ]
  },
  "version": 1
}
